<?xml version="1.0" encoding="utf-8"?>
<Project ToolsVersion="4.0" xmlns="http://schemas.microsoft.com/developer/msbuild/2003">
  <ItemGroup>
    <Filter Include="Source Files">
      <Extensions>cpp;c;cc;cxx;def;odl;idl;hpj;bat;asm;asmx</Extensions>
      <UniqueIdentifier>{3B48B8A6-9D82-44B8-ACB4-69744FB237B0}</UniqueIdentifier>
    </Filter>
    <Filter Include="Header Files">
      <Extensions>h;hpp;hxx;hm;inl;inc;xsd</Extensions>
      <UniqueIdentifier>{FD670221-72F5-4D68-8076-949817E2A303}</UniqueIdentifier>
    </Filter>
    <Filter Include="Resource Files">
      <Extensions>rc;ico;cur;bmp;dlg;rc2;rct;bin;rgs;gif;jpg;jpeg;jpe;resx;tiff;tif;png;wav;mfcribbon-ms</Extensions>
      <UniqueIdentifier>{7F661F0D-C2C0-47C9-A807-CE1761541E33}</UniqueIdentifier>
    </Filter>
    <Filter Include="Driver Files">
      <Extensions>inf;inv;inx;mof;mc;</Extensions>
      <UniqueIdentifier>{9D45420E-7726-4E1A-A6B6-5F110EF85E6B}</UniqueIdentifier>
    </Filter>
  </ItemGroup>
  <ItemGroup>
    <ClCompile Include="moufiltr.c">
      <Filter>Source Files</Filter>
    </ClCompile>
    <ClCompile Include="elantechwin.c">
      <Filter>Source Files</Filter>
    </ClCompile>
    <ClCompile Include="hook.c">
      <Filter>Source Files</Filter>
    </ClCompile>
  </ItemGroup>
  <ItemGroup>
    <ClInclude Include="*.h;*.hpp;*.hxx;*.hm;*.inl;*.xsd">
      <Filter>Header Files</Filter>
    </ClInclude>
    <ClInclude Include="elantechwin.h">
      <Filter>Header Files</Filter>
    </ClInclude>
    <ClInclude Include="elantechwin.h">
      <Filter>Header Files</Filter>
    </ClInclude>
    <ClInclude Include="hook.h" />
    <ClInclude Include="moufiltr.h" />
  </ItemGroup>
  <ItemGroup>
    <ResourceCompile Include="moufiltr.rc">
      <Filter>Resource Files</Filter>
    </ResourceCompile>
  </ItemGroup>
  <ItemGroup>
    <Inf Include=".\moufiltr.inx">
      <Filter>Driver Files</Filter>
    </Inf>
  </ItemGroup>
  <ItemGroup>
    <None Include="*.txt;*.htm;*.html" />
  </ItemGroup>
</Project>